<?xml version="1.0" encoding="utf-8"?>
<Project ToolsVersion="4.0" xmlns="http://schemas.microsoft.com/developer/msbuild/2003">
  <ItemGroup>
    <Filter Include="Source Files">
      <UniqueIdentifier>{4FC737F1-C7A5-4376-A066-2A32D752A2FF}</UniqueIdentifier>
      <Extensions>cpp;c;cc;cxx;c++;cppm;ixx;def;odl;idl;hpj;bat;asm;asmx</Extensions>
    </Filter>
    <Filter Include="Header Files">
      <UniqueIdentifier>{93995380-89BD-4b04-88EB-625FBE52EBFB}</UniqueIdentifier>
      <Extensions>h;hh;hpp;hxx;h++;hm;inl;inc;ipp;xsd</Extensions>
    </Filter>
    <Filter Include="Resource Files">
      <UniqueIdentifier>{67DA6AB6-F800-4c08-8B7A-83BB121AAD01}</UniqueIdentifier>
      <Extensions>rc;ico;cur;bmp;dlg;rc2;rct;bin;rgs;gif;jpg;jpeg;jpe;resx;tiff;tif;png;wav;mfcribbon-ms</Extensions>
    </Filter>
  </ItemGroup>
  <ItemGroup>
    <ClInclude Include="..\Serial\memory\Singleton.h">
      <Filter>Header Files</Filter>
    </ClInclude>
    <ClInclude Include="..\Serial\memory\SingletonFwd.h">
      <Filter>Header Files</Filter>
    </ClInclude>
    <ClInclude Include="..\Serial\memory\SingletonImpl.h">
      <Filter>Header Files</Filter>
    </ClInclude>
    <ClInclude Include="..\Serial\format\Format.h">
      <Filter>Header Files</Filter>
    </ClInclude>
    <ClInclude Include="..\Serial\format\FormatFwd.h">
      <Filter>Header Files</Filter>
    </ClInclude>
    <ClInclude Include="..\Serial\format\FormatImpl.h">
      <Filter>Header Files</Filter>
    </ClInclude>
    <ClInclude Include="..\Serial\tree\Elem.h">
      <Filter>Header Files</Filter>
    </ClInclude>
    <ClInclude Include="..\Serial\tree\ElemFwd.h">
      <Filter>Header Files</Filter>
    </ClInclude>
    <ClInclude Include="..\Serial\tree\ElemImpl.h">
      <Filter>Header Files</Filter>
    </ClInclude>
    <ClInclude Include="..\Serial\tree\Key.h">
      <Filter>Header Files</Filter>
    </ClInclude>
    <ClInclude Include="..\Serial\tree\KeyFwd.h">
      <Filter>Header Files</Filter>
    </ClInclude>
    <ClInclude Include="..\Serial\tree\KeyImpl.h">
      <Filter>Header Files</Filter>
    </ClInclude>
    <ClInclude Include="..\Serial\tree\Node.h">
      <Filter>Header Files</Filter>
    </ClInclude>
    <ClInclude Include="..\Serial\tree\NodeFwd.h">
      <Filter>Header Files</Filter>
    </ClInclude>
    <ClInclude Include="..\Serial\tree\NodeImpl.h">
      <Filter>Header Files</Filter>
    </ClInclude>
    <ClInclude Include="..\Serial\tree\Peers.h">
      <Filter>Header Files</Filter>
    </ClInclude>
    <ClInclude Include="..\Serial\tree\PeersFwd.h">
      <Filter>Header Files</Filter>
    </ClInclude>
    <ClInclude Include="..\Serial\tree\PeersImpl.h">
      <Filter>Header Files</Filter>
    </ClInclude>
    <ClInclude Include="..\Serial\tree\Value.h">
      <Filter>Header Files</Filter>
    </ClInclude>
    <ClInclude Include="..\Serial\tree\ValueFwd.h">
      <Filter>Header Files</Filter>
    </ClInclude>
    <ClInclude Include="..\Serial\tree\ValueImpl.h">
      <Filter>Header Files</Filter>
    </ClInclude>
  </ItemGroup>
  <ItemGroup>
    <ClCompile Include="..\Serial\format\Format.cpp">
      <Filter>Source Files</Filter>
    </ClCompile>
    <ClCompile Include="..\Serial\tree\Tree.cpp">
      <Filter>Source Files</Filter>
    </ClCompile>
  </ItemGroup>
</Project>